
Microsoft Visual Studio Solution File, Format Version 12.00
# Visual Studio Version 17
VisualStudioVersion = 17.7.34031.279
MinimumVisualStudioVersion = 10.0.40219.1
Project("{FAE04EC0-301F-11D3-BF4B-00C04F79EFBC}") = "C#", "C#\C#.csproj", "{CA42EA9F-8ECA-414E-AAC8-EC4E8F398E04}"
EndProject
Global
	GlobalSection(SolutionConfigurationPlatforms) = preSolution
		Debug|Any CPU = Debug|Any CPU
		Release|Any CPU = Release|Any CPU
	EndGlobalSection
	GlobalSection(ProjectConfigurationPlatforms) = postSolution
		{CA42EA9F-8ECA-414E-AAC8-EC4E8F398E04}.Debug|Any CPU.ActiveCfg = Debug|Any CPU
		{CA42EA9F-8ECA-414E-AAC8-EC4E8F398E04}.Debug|Any CPU.Build.0 = Debug|Any CPU
		{CA42EA9F-8ECA-414E-AAC8-EC4E8F398E04}.Release|Any CPU.ActiveCfg = Release|Any CPU
		{CA42EA9F-8ECA-414E-AAC8-EC4E8F398E04}.Release|Any CPU.Build.0 = Release|Any CPU
	EndGlobalSection
	GlobalSection(SolutionProperties) = preSolution
		HideSolutionNode = FALSE
	EndGlobalSection
	GlobalSection(ExtensibilityGlobals) = postSolution
		SolutionGuid = {2E018712-E6D7-434B-9D4B-CF9FCD6548E2}
	EndGlobalSection
EndGlobal
